
Microsoft Visual Studio Solution File, Format Version 12.00
Project("{FAE04EC0-301F-11D3-BF4B-00C04F79EFBC}") = "GeneratorTestData", "GeneratorTestData\GeneratorTestData.csproj", "{ED1876F8-D256-46AE-97CA-9E93E2DC6A49}"
EndProject
Global
	GlobalSection(SolutionConfigurationPlatforms) = preSolution
		Debug|Any CPU = Debug|Any CPU
		Release|Any CPU = Release|Any CPU
	EndGlobalSection
	GlobalSection(ProjectConfigurationPlatforms) = postSolution
		{ED1876F8-D256-46AE-97CA-9E93E2DC6A49}.Debug|Any CPU.ActiveCfg = Debug|Any CPU
		{ED1876F8-D256-46AE-97CA-9E93E2DC6A49}.Debug|Any CPU.Build.0 = Debug|Any CPU
		{ED1876F8-D256-46AE-97CA-9E93E2DC6A49}.Release|Any CPU.ActiveCfg = Release|Any CPU
		{ED1876F8-D256-46AE-97CA-9E93E2DC6A49}.Release|Any CPU.Build.0 = Release|Any CPU
	EndGlobalSection
EndGlobal
